{
    "_meta": {
        "hash": {
            "sha256": "4455ccc85f877a9636e77262d7374a8cb06e4d1ef467ae821a1975b6245dfd57"
        },
        "pipfile-spec": 6,
        "requires": {
            "python_version": "3.7"
        },
        "sources": [
            {
                "name": "pypi",
                "url": "https://pypi.org/simple",
                "verify_ssl": true
            }
        ]
    },
    "default": {
        "geographiclib": {
            "hashes": [
                "sha256:12bd46ee7ec25b291ea139b17aa991e7ef373e21abd053949b75c0e9ca55c632",
                "sha256:51cfa698e7183792bce27d8fb63ac8e83689cd8170a730bf35e1a5c5bf8849b9"
            ],
            "version": "==1.50"
        },
        "geopy": {
            "hashes": [
                "sha256:5de6fed0ee982e43a8e4243410477567cfccac22f8530edffc422761adf4e612",
                "sha256:dc02b43ca5202696907b6b4f72431c8df455c812889dbb4e1240a672857f3adc"
            ],
            "index": "pypi",
            "version": "==1.21.0"
        },
        "paho-mqtt": {
            "hashes": [
                "sha256:e3d286198baaea195c8b3bc221941d25a3ab0e1507fc1779bdb7473806394be4"
            ],
            "index": "pypi",
            "version": "==1.5.0"
        }
    },
    "develop": {}
}
